{
  "name": "mini-card",
  "version": "1.0.0",
  "lockfileVersion": 2,
  "requires": true,
  "packages": {
    "": {
      "name": "mini-card",
      "version": "1.0.0",
      "license": "MIT",
      "dependencies": {
        "atropos": "^0.9.6"
      }
    },
    "node_modules/atropos": {
      "version": "0.9.6",
      "resolved": "https://registry.npmjs.org/atropos/-/atropos-0.9.6.tgz",
      "integrity": "sha512-LRl2m5+OnA90qDURCeVEYAHRGvK4+srZQ3XocNy2Ii4SqNz3AduNdtzuKHFWL1j1gUHi+rSHdeaH2GdZvMok7w==",
      "engines": {
        "node": ">= 12.0.0"
      }
    }
  },
  "dependencies": {
    "atropos": {
      "version": "0.9.6",
      "resolved": "https://registry.npmjs.org/atropos/-/atropos-0.9.6.tgz",
      "integrity": "sha512-LRl2m5+OnA90qDURCeVEYAHRGvK4+srZQ3XocNy2Ii4SqNz3AduNdtzuKHFWL1j1gUHi+rSHdeaH2GdZvMok7w=="
    }
  }
}
